<Solution>
  <Project Path="SistemaPedidoRestaurante.BLL/SistemaPedidoRestaurante.BLL.csproj" Id="35f036d0-a6eb-4e37-815e-8240d3cf89da" />
  <Project Path="SistemaPedidoRestaurante.csproj" Id="1828719f-7443-45db-af50-6b5300f5d023" />
  <Project Path="SistemaPedidoRestaurante.DAL/SistemaPedidoRestaurante.DAL.csproj" Id="5ef52fb0-9694-4e0e-a1dd-a60666b0191c" />
  <Project Path="SistemaPedidoRestaurante.Entities/SistemaPedidoRestaurante.Entities.csproj" Id="ebc09365-6506-4246-8f61-d439dccb2d32" />
  <Project Path="SistemaPedidoRestaurante.Validaciones/SistemaPedidoRestaurante.Validaciones.csproj" Id="840b289b-250b-4cd9-be6a-4fb9d1959432" />
</Solution>
